{
    "_readme": [
        "This file locks the dependencies of your project to a known state",
        "Read more about it at https://getcomposer.org/doc/01-basic-usage.md#installing-dependencies",
        "This file is @generated automatically"
    ],
    "content-hash": "d0ea9e65731b3e247bc71e3e6485e845",
    "packages": [
        {
            "name": "fancyguy/webroot-installer",
            "version": "1.0.0",
            "source": {
                "type": "git",
                "url": "https://github.com/fancyguy/webroot-installer.git",
                "reference": "4888a3dad9ab3b3da505a149230be0ec2ab837f4"
            },
            "dist": {
                "type": "zip",
                "url": "https://api.github.com/repos/fancyguy/webroot-installer/zipball/4888a3dad9ab3b3da505a149230be0ec2ab837f4",
                "reference": "4888a3dad9ab3b3da505a149230be0ec2ab837f4",
                "shasum": ""
            },
            "require-dev": {
                "composer/composer": "1.0.*@dev",
                "phpunit/phpunit": "3.7.*"
            },
            "type": "composer-installer",
            "extra": {
                "class": "FancyGuy\\Composer\\WebrootInstaller"
            },
            "autoload": {
                "psr-0": {
                    "FancyGuy\\Composer\\": "src/"
                }
            },
            "notification-url": "https://packagist.org/downloads/",
            "license": [
                "BSD-3-Clause"
            ],
            "authors": [
                {
                    "name": "Steve Buzonas",
                    "email": "steve@fancyguy.com",
                    "homepage": "http://www.stevebuzonas.com"
                }
            ],
            "description": "A composer installer for libraries that live in an application webroot.",
            "homepage": "http://fancyguy.github.com/webroot-installer/",
            "time": "2013-01-29T22:51:45+00:00"
        },
        {
            "name": "vlucas/phpdotenv",
            "version": "v2.5.1",
            "source": {
                "type": "git",
                "url": "https://github.com/vlucas/phpdotenv.git",
                "reference": "8abb4f9aa89ddea9d52112c65bbe8d0125e2fa8e"
            },
            "dist": {
                "type": "zip",
                "url": "https://api.github.com/repos/vlucas/phpdotenv/zipball/8abb4f9aa89ddea9d52112c65bbe8d0125e2fa8e",
                "reference": "8abb4f9aa89ddea9d52112c65bbe8d0125e2fa8e",
                "shasum": ""
            },
            "require": {
                "php": ">=5.3.9"
            },
            "require-dev": {
                "phpunit/phpunit": "^4.8.35 || ^5.0"
            },
            "type": "library",
            "extra": {
                "branch-alias": {
                    "dev-master": "2.5-dev"
                }
            },
            "autoload": {
                "psr-4": {
                    "Dotenv\\": "src/"
                }
            },
            "notification-url": "https://packagist.org/downloads/",
            "license": [
                "BSD-3-Clause"
            ],
            "authors": [
                {
                    "name": "Vance Lucas",
                    "email": "vance@vancelucas.com",
                    "homepage": "http://www.vancelucas.com"
                }
            ],
            "description": "Loads environment variables from `.env` to `getenv()`, `$_ENV` and `$_SERVER` automagically.",
            "keywords": [
                "dotenv",
                "env",
                "environment"
            ],
            "time": "2018-07-29T20:33:41+00:00"
        },
        {
            "name": "wordpress",
            "version": "4.9.8",
            "dist": {
                "type": "zip",
                "url": "https://github.com/WordPress/WordPress/archive/4.9.8.zip",
                "reference": null,
                "shasum": null
            },
            "require": {
                "fancyguy/webroot-installer": "1.0.0"
            },
            "type": "webroot"
        }
    ],
    "packages-dev": [
        {
            "name": "heroku/heroku-buildpack-php",
            "version": "dev-master",
            "source": {
                "type": "git",
                "url": "https://github.com/heroku/heroku-buildpack-php.git",
                "reference": "a380d44126a056cc5b7daaa0714714e3c888689f"
            },
            "dist": {
                "type": "zip",
                "url": "https://api.github.com/repos/heroku/heroku-buildpack-php/zipball/a380d44126a056cc5b7daaa0714714e3c888689f",
                "reference": "a380d44126a056cc5b7daaa0714714e3c888689f",
                "shasum": ""
            },
            "bin": [
                "bin/heroku-hhvm-apache2",
                "bin/heroku-hhvm-nginx",
                "bin/heroku-php-apache2",
                "bin/heroku-php-nginx"
            ],
            "type": "library",
            "notification-url": "https://packagist.org/downloads/",
            "license": [
                "MIT"
            ],
            "authors": [
                {
                    "name": "David Zuelke",
                    "email": "dz@heroku.com"
                }
            ],
            "description": "Toolkit for starting a PHP application locally, with or without foreman, using the same config for PHP/HHVM and Apache2/Nginx as on Heroku",
            "homepage": "https://github.com/heroku/heroku-buildpack-php",
            "keywords": [
                "apache",
                "apache2",
                "foreman",
                "heroku",
                "hhvm",
                "nginx",
                "php"
            ],
            "time": "2018-11-08T19:23:29+00:00"
        }
    ],
    "aliases": [],
    "minimum-stability": "stable",
    "stability-flags": {
        "heroku/heroku-buildpack-php": 20
    },
    "prefer-stable": false,
    "prefer-lowest": false,
    "platform": {
        "php": ">=5.3.0"
    },
    "platform-dev": []
}
